{
  "nodes": {
    "agenix": {
      "inputs": {
        "nixpkgs": [
          "nixpkgs"
        ]
      },
      "locked": {
        "lastModified": 1631896269,
        "narHash": "sha256-DAyCxJ8JacayOzGgGSfzrn7ghtsfL/EsCyk1NEUaAR8=",
        "owner": "ryantm",
        "repo": "agenix",
        "rev": "daf1d773989ac5d949aeef03fce0fe27e583dbca",
        "type": "github"
      },
      "original": {
        "owner": "ryantm",
        "repo": "agenix",
        "type": "github"
      }
    },
    "home-manager": {
      "inputs": {
        "nixpkgs": [
          "nixpkgs"
        ]
      },
      "locked": {
        "lastModified": 1632431340,
        "narHash": "sha256-9xUnx5aeDp8Irg2/rWBKn3AjiiQTtsjTX0UshzMXy94=",
        "owner": "nix-community",
        "repo": "home-manager",
        "rev": "b0651cc2173427857b172604f85da6afe69e1d41",
        "type": "github"
      },
      "original": {
        "owner": "nix-community",
        "repo": "home-manager",
        "type": "github"
      }
    },
    "iago-nix": {
      "locked": {
        "lastModified": 1631734057,
        "narHash": "sha256-crk6idaTgXf81balpECOn3qkJTJo48kkDKVTTz8XSIQ=",
        "owner": "iagocq",
        "repo": "nix",
        "rev": "957b18e65f499f97e409c1220c45798ffb347849",
        "type": "github"
      },
      "original": {
        "owner": "iagocq",
        "repo": "nix",
        "type": "github"
      }
    },
    "nixpkgs": {
      "locked": {
        "lastModified": 1632666310,
        "narHash": "sha256-X1Z3LDs5BwnOpRw4UArFAwijs7KxS/6izWtjL3nisUk=",
        "owner": "NixOS",
        "repo": "nixpkgs",
        "rev": "1737f98af6667560e3e4f930312f9b5002649d04",
        "type": "github"
      },
      "original": {
        "owner": "NixOS",
        "ref": "nixos-unstable-small",
        "repo": "nixpkgs",
        "type": "github"
      }
    },
    "nixpkgs-master": {
      "locked": {
        "lastModified": 1632758163,
        "narHash": "sha256-pMxvrKCT8amjnLmqS0SCgjpk68av4t9/mp6srbk3elg=",
        "owner": "NixOS",
        "repo": "nixpkgs",
        "rev": "155a060e96fa493e579b3f942930d849a4477042",
        "type": "github"
      },
      "original": {
        "owner": "NixOS",
        "ref": "master",
        "repo": "nixpkgs",
        "type": "github"
      }
    },
    "nnn-src": {
      "flake": false,
      "locked": {
        "lastModified": 1632701292,
        "narHash": "sha256-C1jz1O7+4xg1tA673o+VRqcqBwX/dc0/H1Ca9SZGt1c=",
        "owner": "jarun",
        "repo": "nnn",
        "rev": "1723aeb470c36f0074e881d60a12af7312babaf9",
        "type": "github"
      },
      "original": {
        "owner": "jarun",
        "repo": "nnn",
        "type": "github"
      }
    },
    "overlays": {
      "inputs": {
        "iago-nix": [
          "iago-nix"
        ],
        "nixpkgs-master": "nixpkgs-master",
        "nnn-src": "nnn-src",
        "tribler-nixpkgs": "tribler-nixpkgs",
        "zsh-f-sy-h": "zsh-f-sy-h"
      },
      "locked": {
        "narHash": "sha256-LCGA6bD8z4NxAjzQgr5osmt925W9OgkHUnmMceB93uw=",
        "path": "overlays",
        "type": "path"
      },
      "original": {
        "path": "overlays",
        "type": "path"
      }
    },
    "root": {
      "inputs": {
        "agenix": "agenix",
        "home-manager": "home-manager",
        "iago-nix": "iago-nix",
        "nixpkgs": "nixpkgs",
        "overlays": "overlays"
      }
    },
    "tribler-nixpkgs": {
      "locked": {
        "lastModified": 1627330712,
        "narHash": "sha256-oJgBSvyeONe4CyI6wbg6n7Axp1VRcpNvsCuM5pVE7q8=",
        "owner": "viric",
        "repo": "nixpkgs",
        "rev": "322aac5daa07a68ec1a168d0217a2fd8798c4c79",
        "type": "github"
      },
      "original": {
        "owner": "viric",
        "ref": "tribler-master2",
        "repo": "nixpkgs",
        "type": "github"
      }
    },
    "zsh-f-sy-h": {
      "flake": false,
      "locked": {
        "lastModified": 1621022231,
        "narHash": "sha256-rHdOnA0Y/i/ISDlriGrGDXr5rD2nZ4T7iuG7PFUVIFQ=",
        "owner": "zdharma",
        "repo": "fast-syntax-highlighting",
        "rev": "817916dfa907d179f0d46d8de355e883cf67bd97",
        "type": "github"
      },
      "original": {
        "owner": "zdharma",
        "repo": "fast-syntax-highlighting",
        "type": "github"
      }
    }
  },
  "root": "root",
  "version": 7
}
