{
  "nodes": {
    "home-manager": {
      "inputs": {
        "nixpkgs": [
          "nixpkgs"
        ]
      },
      "locked": {
        "lastModified": 1623967045,
        "narHash": "sha256-D8tZULncqU2Drn4vmG1vgMdhnZ5ONV5aEuHIxaA/kyE=",
        "owner": "nix-community",
        "repo": "home-manager",
        "rev": "2f6d5c90f4497dc3cfc043c0fd1b77272ebaeeaa",
        "type": "github"
      },
      "original": {
        "owner": "nix-community",
        "repo": "home-manager",
        "type": "github"
      }
    },
    "iago-nixpkgs": {
      "locked": {
        "lastModified": 1621876349,
        "narHash": "sha256-wJMkoUjBKQ2w0+j+LQNf2u5YuPEKsFPW8lMPldnK2Zs=",
        "owner": "iagocq",
        "repo": "nixpkgs",
        "rev": "e80685c36479a73505cd5aab5c49a9edcb815bd5",
        "type": "github"
      },
      "original": {
        "owner": "iagocq",
        "repo": "nixpkgs",
        "type": "github"
      }
    },
    "nixpkgs": {
      "locked": {
        "lastModified": 1623862044,
        "narHash": "sha256-mY7nldu9Wl/Yb0qMPihZrWw0bRWXNsk6iyYztw/6F6Y=",
        "owner": "NixOS",
        "repo": "nixpkgs",
        "rev": "0747387223edf1aa5beaedf48983471315d95e16",
        "type": "github"
      },
      "original": {
        "owner": "NixOS",
        "ref": "nixpkgs-unstable",
        "repo": "nixpkgs",
        "type": "github"
      }
    },
    "nnn-src": {
      "flake": false,
      "locked": {
        "lastModified": 1623974908,
        "narHash": "sha256-bfFcys2vIAvf0r5+7col94dkRENieO7wVSUad2TFHxs=",
        "owner": "jarun",
        "repo": "nnn",
        "rev": "b2e7f7794cbf52048b71093ccb18549c43f2512b",
        "type": "github"
      },
      "original": {
        "owner": "jarun",
        "repo": "nnn",
        "type": "github"
      }
    },
    "root": {
      "inputs": {
        "home-manager": "home-manager",
        "iago-nixpkgs": "iago-nixpkgs",
        "nixpkgs": "nixpkgs",
        "nnn-src": "nnn-src",
        "zsh-f-sy-h": "zsh-f-sy-h"
      }
    },
    "zsh-f-sy-h": {
      "flake": false,
      "locked": {
        "lastModified": 1621022231,
        "narHash": "sha256-rHdOnA0Y/i/ISDlriGrGDXr5rD2nZ4T7iuG7PFUVIFQ=",
        "owner": "zdharma",
        "repo": "fast-syntax-highlighting",
        "rev": "817916dfa907d179f0d46d8de355e883cf67bd97",
        "type": "github"
      },
      "original": {
        "owner": "zdharma",
        "repo": "fast-syntax-highlighting",
        "type": "github"
      }
    }
  },
  "root": "root",
  "version": 7
}
