{
  "nodes": {
    "home-manager": {
      "inputs": {
        "nixpkgs": [
          "nixpkgs"
        ]
      },
      "locked": {
        "lastModified": 1621794721,
        "narHash": "sha256-JXfTSZUu9EVbT9D/MFsx0cXfa8bw1NFCzIxZ7gO73Uo=",
        "owner": "nix-community",
        "repo": "home-manager",
        "rev": "90493027e33ba9eb3f50dc1da365d0e4ca31bf14",
        "type": "github"
      },
      "original": {
        "owner": "nix-community",
        "repo": "home-manager",
        "type": "github"
      }
    },
    "iago-nixpkgs": {
      "locked": {
        "lastModified": 1621876349,
        "narHash": "sha256-wJMkoUjBKQ2w0+j+LQNf2u5YuPEKsFPW8lMPldnK2Zs=",
        "owner": "iagocq",
        "repo": "nixpkgs",
        "rev": "e80685c36479a73505cd5aab5c49a9edcb815bd5",
        "type": "github"
      },
      "original": {
        "owner": "iagocq",
        "repo": "nixpkgs",
        "type": "github"
      }
    },
    "nixpkgs": {
      "locked": {
        "lastModified": 1621714816,
        "narHash": "sha256-u6Rhw+1uwaTXThZWuySv9JPXzNuKI9Fmj36g4kb2Ojc=",
        "owner": "NixOS",
        "repo": "nixpkgs",
        "rev": "278bcdce1f0da616661a6205161b13bd89a2f3bf",
        "type": "github"
      },
      "original": {
        "owner": "NixOS",
        "ref": "nixpkgs-unstable",
        "repo": "nixpkgs",
        "type": "github"
      }
    },
    "nixpkgs-master": {
      "locked": {
        "lastModified": 1621975130,
        "narHash": "sha256-xky6zVWjYS0h6tuRk+T2iNPG5LJxqRuzSvrzaA+Zu5Q=",
        "owner": "NixOS",
        "repo": "nixpkgs",
        "rev": "0995d4e24d10257bc25dcc7d9f88653437c0a7eb",
        "type": "github"
      },
      "original": {
        "owner": "NixOS",
        "ref": "master",
        "repo": "nixpkgs",
        "type": "github"
      }
    },
    "nnn-src": {
      "flake": false,
      "locked": {
        "lastModified": 1621805172,
        "narHash": "sha256-pLznvNQqCkfebIFbpNsQQMnmMGt6CmuZPkFoEAMlBC0=",
        "owner": "jarun",
        "repo": "nnn",
        "rev": "fdeba8a87ee9f8ef4d2465da9eb32e8b39c7d7f2",
        "type": "github"
      },
      "original": {
        "owner": "jarun",
        "repo": "nnn",
        "type": "github"
      }
    },
    "root": {
      "inputs": {
        "home-manager": "home-manager",
        "iago-nixpkgs": "iago-nixpkgs",
        "nixpkgs": "nixpkgs",
        "nixpkgs-master": "nixpkgs-master",
        "nnn-src": "nnn-src",
        "zsh-f-sy-h": "zsh-f-sy-h"
      }
    },
    "zsh-f-sy-h": {
      "flake": false,
      "locked": {
        "lastModified": 1621022231,
        "narHash": "sha256-rHdOnA0Y/i/ISDlriGrGDXr5rD2nZ4T7iuG7PFUVIFQ=",
        "owner": "zdharma",
        "repo": "fast-syntax-highlighting",
        "rev": "817916dfa907d179f0d46d8de355e883cf67bd97",
        "type": "github"
      },
      "original": {
        "owner": "zdharma",
        "repo": "fast-syntax-highlighting",
        "type": "github"
      }
    }
  },
  "root": "root",
  "version": 7
}
